// !$*UTF8*$!
{
	archiveVersion = 1;
	classes = {
	};
	objectVersion = 46;
	objects = {

/* Begin PBXBuildFile section */
		F4310D2E1AF5995000C51673 /* main.m in Sources */ = {isa = PBXBuildFile; fileRef = F4310D2D1AF5995000C51673 /* main.m */; };
		F4310D311AF5995000C51673 /* AppDelegate.m in Sources */ = {isa = PBXBuildFile; fileRef = F4310D301AF5995000C51673 /* AppDelegate.m */; };
		F4310D341AF5995000C51673 /* ViewController.m in Sources */ = {isa = PBXBuildFile; fileRef = F4310D331AF5995000C51673 /* ViewController.m */; };
		F4310D371AF5995000C51673 /* Main.storyboard in Resources */ = {isa = PBXBuildFile; fileRef = F4310D351AF5995000C51673 /* Main.storyboard */; };
		F4310D391AF5995000C51673 /* Images.xcassets in Resources */ = {isa = PBXBuildFile; fileRef = F4310D381AF5995000C51673 /* Images.xcassets */; };
		F4310D3C1AF5995000C51673 /* LaunchScreen.xib in Resources */ = {isa = PBXBuildFile; fileRef = F4310D3A1AF5995000C51673 /* LaunchScreen.xib */; };
		F4310D481AF5995000C51673 /* controlFlowTests.m in Sources */ = {isa = PBXBuildFile; fileRef = F4310D471AF5995000C51673 /* controlFlowTests.m */; };
/* End PBXBuildFile section */

/* Begin PBXContainerItemProxy section */
		F4310D421AF5995000C51673 /* PBXContainerItemProxy */ = {
			isa = PBXContainerItemProxy;
			containerPortal = F4310D201AF5995000C51673 /* Project object */;
			proxyType = 1;
			remoteGlobalIDString = F4310D271AF5995000C51673;
			remoteInfo = controlFlow;
		};
/* End PBXContainerItemProxy section */

/* Begin PBXFileReference section */
		F4310D281AF5995000C51673 /* controlFlow.app */ = {isa = PBXFileReference; explicitFileType = wrapper.application; includeInIndex = 0; path = controlFlow.app; sourceTree = BUILT_PRODUCTS_DIR; };
		F4310D2C1AF5995000C51673 /* Info.plist */ = {isa = PBXFileReference; lastKnownFileType = text.plist.xml; path = Info.plist; sourceTree = "<group>"; };
		F4310D2D1AF5995000C51673 /* main.m */ = {isa = PBXFileReference; lastKnownFileType = sourcecode.c.objc; path = main.m; sourceTree = "<group>"; };
		F4310D2F1AF5995000C51673 /* AppDelegate.h */ = {isa = PBXFileReference; lastKnownFileType = sourcecode.c.h; path = AppDelegate.h; sourceTree = "<group>"; };
		F4310D301AF5995000C51673 /* AppDelegate.m */ = {isa = PBXFileReference; lastKnownFileType = sourcecode.c.objc; path = AppDelegate.m; sourceTree = "<group>"; };
		F4310D321AF5995000C51673 /* ViewController.h */ = {isa = PBXFileReference; lastKnownFileType = sourcecode.c.h; path = ViewController.h; sourceTree = "<group>"; };
		F4310D331AF5995000C51673 /* ViewController.m */ = {isa = PBXFileReference; lastKnownFileType = sourcecode.c.objc; path = ViewController.m; sourceTree = "<group>"; };
		F4310D361AF5995000C51673 /* Base */ = {isa = PBXFileReference; lastKnownFileType = file.storyboard; name = Base; path = Base.lproj/Main.storyboard; sourceTree = "<group>"; };
		F4310D381AF5995000C51673 /* Images.xcassets */ = {isa = PBXFileReference; lastKnownFileType = folder.assetcatalog; path = Images.xcassets; sourceTree = "<group>"; };
		F4310D3B1AF5995000C51673 /* Base */ = {isa = PBXFileReference; lastKnownFileType = file.xib; name = Base; path = Base.lproj/LaunchScreen.xib; sourceTree = "<group>"; };
		F4310D411AF5995000C51673 /* controlFlowTests.xctest */ = {isa = PBXFileReference; explicitFileType = wrapper.cfbundle; includeInIndex = 0; path = controlFlowTests.xctest; sourceTree = BUILT_PRODUCTS_DIR; };
		F4310D461AF5995000C51673 /* Info.plist */ = {isa = PBXFileReference; lastKnownFileType = text.plist.xml; path = Info.plist; sourceTree = "<group>"; };
		F4310D471AF5995000C51673 /* controlFlowTests.m */ = {isa = PBXFileReference; lastKnownFileType = sourcecode.c.objc; path = controlFlowTests.m; sourceTree = "<group>"; };
/* End PBXFileReference section */

/* Begin PBXFrameworksBuildPhase section */
		F4310D251AF5995000C51673 /* Frameworks */ = {
			isa = PBXFrameworksBuildPhase;
			buildActionMask = 2147483647;
			files = (
			);
			runOnlyForDeploymentPostprocessing = 0;
		};
		F4310D3E1AF5995000C51673 /* Frameworks */ = {
			isa = PBXFrameworksBuildPhase;
			buildActionMask = 2147483647;
			files = (
			);
			runOnlyForDeploymentPostprocessing = 0;
		};
/* End PBXFrameworksBuildPhase section */

/* Begin PBXGroup section */
		F4310D1F1AF5995000C51673 = {
			isa = PBXGroup;
			children = (
				F4310D2A1AF5995000C51673 /* controlFlow */,
				F4310D441AF5995000C51673 /* controlFlowTests */,
				F4310D291AF5995000C51673 /* Products */,
			);
			sourceTree = "<group>";
		};
		F4310D291AF5995000C51673 /* Products */ = {
			isa = PBXGroup;
			children = (
				F4310D281AF5995000C51673 /* controlFlow.app */,
				F4310D411AF5995000C51673 /* controlFlowTests.xctest */,
			);
			name = Products;
			sourceTree = "<group>";
		};
		F4310D2A1AF5995000C51673 /* controlFlow */ = {
			isa = PBXGroup;
			children = (
				F4310D2F1AF5995000C51673 /* AppDelegate.h */,
				F4310D301AF5995000C51673 /* AppDelegate.m */,
				F4310D321AF5995000C51673 /* ViewController.h */,
				F4310D331AF5995000C51673 /* ViewController.m */,
				F4310D351AF5995000C51673 /* Main.storyboard */,
				F4310D381AF5995000C51673 /* Images.xcassets */,
				F4310D3A1AF5995000C51673 /* LaunchScreen.xib */,
				F4310D2B1AF5995000C51673 /* Supporting Files */,
			);
			path = controlFlow;
			sourceTree = "<group>";
		};
		F4310D2B1AF5995000C51673 /* Supporting Files */ = {
			isa = PBXGroup;
			children = (
				F4310D2C1AF5995000C51673 /* Info.plist */,
				F4310D2D1AF5995000C51673 /* main.m */,
			);
			name = "Supporting Files";
			sourceTree = "<group>";
		};
		F4310D441AF5995000C51673 /* controlFlowTests */ = {
			isa = PBXGroup;
			children = (
				F4310D471AF5995000C51673 /* controlFlowTests.m */,
				F4310D451AF5995000C51673 /* Supporting Files */,
			);
			path = controlFlowTests;
			sourceTree = "<group>";
		};
		F4310D451AF5995000C51673 /* Supporting Files */ = {
			isa = PBXGroup;
			children = (
				F4310D461AF5995000C51673 /* Info.plist */,
			);
			name = "Supporting Files";
			sourceTree = "<group>";
		};
/* End PBXGroup section */

/* Begin PBXNativeTarget section */
		F4310D271AF5995000C51673 /* controlFlow */ = {
			isa = PBXNativeTarget;
			buildConfigurationList = F4310D4B1AF5995000C51673 /* Build configuration list for PBXNativeTarget "controlFlow" */;
			buildPhases = (
				F4310D241AF5995000C51673 /* Sources */,
				F4310D251AF5995000C51673 /* Frameworks */,
				F4310D261AF5995000C51673 /* Resources */,
			);
			buildRules = (
			);
			dependencies = (
			);
			name = controlFlow;
			productName = controlFlow;
			productReference = F4310D281AF5995000C51673 /* controlFlow.app */;
			productType = "com.apple.product-type.application";
		};
		F4310D401AF5995000C51673 /* controlFlowTests */ = {
			isa = PBXNativeTarget;
			buildConfigurationList = F4310D4E1AF5995000C51673 /* Build configuration list for PBXNativeTarget "controlFlowTests" */;
			buildPhases = (
				F4310D3D1AF5995000C51673 /* Sources */,
				F4310D3E1AF5995000C51673 /* Frameworks */,
				F4310D3F1AF5995000C51673 /* Resources */,
			);
			buildRules = (
			);
			dependencies = (
				F4310D431AF5995000C51673 /* PBXTargetDependency */,
			);
			name = controlFlowTests;
			productName = controlFlowTests;
			productReference = F4310D411AF5995000C51673 /* controlFlowTests.xctest */;
			productType = "com.apple.product-type.bundle.unit-test";
		};
/* End PBXNativeTarget section */

/* Begin PBXProject section */
		F4310D201AF5995000C51673 /* Project object */ = {
			isa = PBXProject;
			attributes = {
				LastUpgradeCheck = 0630;
				ORGANIZATIONNAME = "learning, inc";
				TargetAttributes = {
					F4310D271AF5995000C51673 = {
						CreatedOnToolsVersion = 6.3;
					};
					F4310D401AF5995000C51673 = {
						CreatedOnToolsVersion = 6.3;
						TestTargetID = F4310D271AF5995000C51673;
					};
				};
			};
			buildConfigurationList = F4310D231AF5995000C51673 /* Build configuration list for PBXProject "controlFlow" */;
			compatibilityVersion = "Xcode 3.2";
			developmentRegion = English;
			hasScannedForEncodings = 0;
			knownRegions = (
				en,
				Base,
			);
			mainGroup = F4310D1F1AF5995000C51673;
			productRefGroup = F4310D291AF5995000C51673 /* Products */;
			projectDirPath = "";
			projectRoot = "";
			targets = (
				F4310D271AF5995000C51673 /* controlFlow */,
				F4310D401AF5995000C51673 /* controlFlowTests */,
			);
		};
/* End PBXProject section */

/* Begin PBXResourcesBuildPhase section */
		F4310D261AF5995000C51673 /* Resources */ = {
			isa = PBXResourcesBuildPhase;
			buildActionMask = 2147483647;
			files = (
				F4310D371AF5995000C51673 /* Main.storyboard in Resources */,
				F4310D3C1AF5995000C51673 /* LaunchScreen.xib in Resources */,
				F4310D391AF5995000C51673 /* Images.xcassets in Resources */,
			);
			runOnlyForDeploymentPostprocessing = 0;
		};
		F4310D3F1AF5995000C51673 /* Resources */ = {
			isa = PBXResourcesBuildPhase;
			buildActionMask = 2147483647;
			files = (
			);
			runOnlyForDeploymentPostprocessing = 0;
		};
/* End PBXResourcesBuildPhase section */

/* Begin PBXSourcesBuildPhase section */
		F4310D241AF5995000C51673 /* Sources */ = {
			isa = PBXSourcesBuildPhase;
			buildActionMask = 2147483647;
			files = (
				F4310D341AF5995000C51673 /* ViewController.m in Sources */,
				F4310D311AF5995000C51673 /* AppDelegate.m in Sources */,
				F4310D2E1AF5995000C51673 /* main.m in Sources */,
			);
			runOnlyForDeploymentPostprocessing = 0;
		};
		F4310D3D1AF5995000C51673 /* Sources */ = {
			isa = PBXSourcesBuildPhase;
			buildActionMask = 2147483647;
			files = (
				F4310D481AF5995000C51673 /* controlFlowTests.m in Sources */,
			);
			runOnlyForDeploymentPostprocessing = 0;
		};
/* End PBXSourcesBuildPhase section */

/* Begin PBXTargetDependency section */
		F4310D431AF5995000C51673 /* PBXTargetDependency */ = {
			isa = PBXTargetDependency;
			target = F4310D271AF5995000C51673 /* controlFlow */;
			targetProxy = F4310D421AF5995000C51673 /* PBXContainerItemProxy */;
		};
/* End PBXTargetDependency section */

/* Begin PBXVariantGroup section */
		F4310D351AF5995000C51673 /* Main.storyboard */ = {
			isa = PBXVariantGroup;
			children = (
				F4310D361AF5995000C51673 /* Base */,
			);
			name = Main.storyboard;
			sourceTree = "<group>";
		};
		F4310D3A1AF5995000C51673 /* LaunchScreen.xib */ = {
			isa = PBXVariantGroup;
			children = (
				F4310D3B1AF5995000C51673 /* Base */,
			);
			name = LaunchScreen.xib;
			sourceTree = "<group>";
		};
/* End PBXVariantGroup section */

/* Begin XCBuildConfiguration section */
		F4310D491AF5995000C51673 /* Debug */ = {
			isa = XCBuildConfiguration;
			buildSettings = {
				ALWAYS_SEARCH_USER_PATHS = NO;
				CLANG_CXX_LANGUAGE_STANDARD = "gnu++0x";
				CLANG_CXX_LIBRARY = "libc++";
				CLANG_ENABLE_MODULES = YES;
				CLANG_ENABLE_OBJC_ARC = YES;
				CLANG_WARN_BOOL_CONVERSION = YES;
				CLANG_WARN_CONSTANT_CONVERSION = YES;
				CLANG_WARN_DIRECT_OBJC_ISA_USAGE = YES_ERROR;
				CLANG_WARN_EMPTY_BODY = YES;
				CLANG_WARN_ENUM_CONVERSION = YES;
				CLANG_WARN_INT_CONVERSION = YES;
				CLANG_WARN_OBJC_ROOT_CLASS = YES_ERROR;
				CLANG_WARN_UNREACHABLE_CODE = YES;
				CLANG_WARN__DUPLICATE_METHOD_MATCH = YES;
				"CODE_SIGN_IDENTITY[sdk=iphoneos*]" = "iPhone Developer";
				COPY_PHASE_STRIP = NO;
				DEBUG_INFORMATION_FORMAT = "dwarf-with-dsym";
				ENABLE_STRICT_OBJC_MSGSEND = YES;
				GCC_C_LANGUAGE_STANDARD = gnu99;
				GCC_DYNAMIC_NO_PIC = NO;
				GCC_NO_COMMON_BLOCKS = YES;
				GCC_OPTIMIZATION_LEVEL = 0;
				GCC_PREPROCESSOR_DEFINITIONS = (
					"DEBUG=1",
					"$(inherited)",
				);
				GCC_SYMBOLS_PRIVATE_EXTERN = NO;
				GCC_WARN_64_TO_32_BIT_CONVERSION = YES;
				GCC_WARN_ABOUT_RETURN_TYPE = YES_ERROR;
				GCC_WARN_UNDECLARED_SELECTOR = YES;
				GCC_WARN_UNINITIALIZED_AUTOS = YES_AGGRESSIVE;
				GCC_WARN_UNUSED_FUNCTION = YES;
				GCC_WARN_UNUSED_VARIABLE = YES;
				IPHONEOS_DEPLOYMENT_TARGET = 8.3;
				MTL_ENABLE_DEBUG_INFO = YES;
				ONLY_ACTIVE_ARCH = YES;
				SDKROOT = iphoneos;
			};
			name = Debug;
		};
		F4310D4A1AF5995000C51673 /* Release */ = {
			isa = XCBuildConfiguration;
			buildSettings = {
				ALWAYS_SEARCH_USER_PATHS = NO;
				CLANG_CXX_LANGUAGE_STANDARD = "gnu++0x";
				CLANG_CXX_LIBRARY = "libc++";
				CLANG_ENABLE_MODULES = YES;
				CLANG_ENABLE_OBJC_ARC = YES;
				CLANG_WARN_BOOL_CONVERSION = YES;
				CLANG_WARN_CONSTANT_CONVERSION = YES;
				CLANG_WARN_DIRECT_OBJC_ISA_USAGE = YES_ERROR;
				CLANG_WARN_EMPTY_BODY = YES;
				CLANG_WARN_ENUM_CONVERSION = YES;
				CLANG_WARN_INT_CONVERSION = YES;
				CLANG_WARN_OBJC_ROOT_CLASS = YES_ERROR;
				CLANG_WARN_UNREACHABLE_CODE = YES;
				CLANG_WARN__DUPLICATE_METHOD_MATCH = YES;
				"CODE_SIGN_IDENTITY[sdk=iphoneos*]" = "iPhone Developer";
				COPY_PHASE_STRIP = NO;
				DEBUG_INFORMATION_FORMAT = "dwarf-with-dsym";
				ENABLE_NS_ASSERTIONS = NO;
				ENABLE_STRICT_OBJC_MSGSEND = YES;
				GCC_C_LANGUAGE_STANDARD = gnu99;
				GCC_NO_COMMON_BLOCKS = YES;
				GCC_WARN_64_TO_32_BIT_CONVERSION = YES;
				GCC_WARN_ABOUT_RETURN_TYPE = YES_ERROR;
				GCC_WARN_UNDECLARED_SELECTOR = YES;
				GCC_WARN_UNINITIALIZED_AUTOS = YES_AGGRESSIVE;
				GCC_WARN_UNUSED_FUNCTION = YES;
				GCC_WARN_UNUSED_VARIABLE = YES;
				IPHONEOS_DEPLOYMENT_TARGET = 8.3;
				MTL_ENABLE_DEBUG_INFO = NO;
				SDKROOT = iphoneos;
				VALIDATE_PRODUCT = YES;
			};
			name = Release;
		};
		F4310D4C1AF5995000C51673 /* Debug */ = {
			isa = XCBuildConfiguration;
			buildSettings = {
				ASSETCATALOG_COMPILER_APPICON_NAME = AppIcon;
				INFOPLIST_FILE = controlFlow/Info.plist;
				LD_RUNPATH_SEARCH_PATHS = "$(inherited) @executable_path/Frameworks";
				PRODUCT_NAME = "$(TARGET_NAME)";
			};
			name = Debug;
		};
		F4310D4D1AF5995000C51673 /* Release */ = {
			isa = XCBuildConfiguration;
			buildSettings = {
				ASSETCATALOG_COMPILER_APPICON_NAME = AppIcon;
				INFOPLIST_FILE = controlFlow/Info.plist;
				LD_RUNPATH_SEARCH_PATHS = "$(inherited) @executable_path/Frameworks";
				PRODUCT_NAME = "$(TARGET_NAME)";
			};
			name = Release;
		};
		F4310D4F1AF5995000C51673 /* Debug */ = {
			isa = XCBuildConfiguration;
			buildSettings = {
				BUNDLE_LOADER = "$(TEST_HOST)";
				FRAMEWORK_SEARCH_PATHS = (
					"$(SDKROOT)/Developer/Library/Frameworks",
					"$(inherited)",
				);
				GCC_PREPROCESSOR_DEFINITIONS = (
					"DEBUG=1",
					"$(inherited)",
				);
				INFOPLIST_FILE = controlFlowTests/Info.plist;
				LD_RUNPATH_SEARCH_PATHS = "$(inherited) @executable_path/Frameworks @loader_path/Frameworks";
				PRODUCT_NAME = "$(TARGET_NAME)";
				TEST_HOST = "$(BUILT_PRODUCTS_DIR)/controlFlow.app/controlFlow";
			};
			name = Debug;
		};
		F4310D501AF5995000C51673 /* Release */ = {
			isa = XCBuildConfiguration;
			buildSettings = {
				BUNDLE_LOADER = "$(TEST_HOST)";
				FRAMEWORK_SEARCH_PATHS = (
					"$(SDKROOT)/Developer/Library/Frameworks",
					"$(inherited)",
				);
				INFOPLIST_FILE = controlFlowTests/Info.plist;
				LD_RUNPATH_SEARCH_PATHS = "$(inherited) @executable_path/Frameworks @loader_path/Frameworks";
				PRODUCT_NAME = "$(TARGET_NAME)";
				TEST_HOST = "$(BUILT_PRODUCTS_DIR)/controlFlow.app/controlFlow";
			};
			name = Release;
		};
/* End XCBuildConfiguration section */

/* Begin XCConfigurationList section */
		F4310D231AF5995000C51673 /* Build configuration list for PBXProject "controlFlow" */ = {
			isa = XCConfigurationList;
			buildConfigurations = (
				F4310D491AF5995000C51673 /* Debug */,
				F4310D4A1AF5995000C51673 /* Release */,
			);
			defaultConfigurationIsVisible = 0;
			defaultConfigurationName = Release;
		};
		F4310D4B1AF5995000C51673 /* Build configuration list for PBXNativeTarget "controlFlow" */ = {
			isa = XCConfigurationList;
			buildConfigurations = (
				F4310D4C1AF5995000C51673 /* Debug */,
				F4310D4D1AF5995000C51673 /* Release */,
			);
			defaultConfigurationIsVisible = 0;
		};
		F4310D4E1AF5995000C51673 /* Build configuration list for PBXNativeTarget "controlFlowTests" */ = {
			isa = XCConfigurationList;
			buildConfigurations = (
				F4310D4F1AF5995000C51673 /* Debug */,
				F4310D501AF5995000C51673 /* Release */,
			);
			defaultConfigurationIsVisible = 0;
		};
/* End XCConfigurationList section */
	};
	rootObject = F4310D201AF5995000C51673 /* Project object */;
}
